# This file is autogenerated, do not edit; changes may be undone by the next 'dep ensure'.


[[projects]]
  digest = "1:0e16b03c72bd42739ca68d055c10369e60d17838428f512f3b29ae115ba788e0"
  name = "github.com/gdamore/encoding"
  packages = ["."]
  pruneopts = "UT"
  revision = "6289cdc94c00ac4aa177771c5fce7af2f96b626d"
  version = "v1.0.0"

[[projects]]
  digest = "1:a4cc3042bb30046fa7da2c88bd8f0210b173198ea70a146d0413db475cf5b41d"
  name = "github.com/gdamore/tcell"
  packages = [
    ".",
    "terminfo",
    "terminfo/dynamic",
  ]
  pruneopts = "UT"
  revision = "061f3f89b01ffb73e0b6a6812de029714fda9e81"
  version = "v1.1.4"

[[projects]]
  digest = "1:ebdeb808fe6861df1eaa262006a879bdbed826dd51c343bd5e681045e194997c"
  name = "github.com/google/logger"
  packages = ["."]
  pruneopts = "UT"
  revision = "7047ffcb7339f3f59be32de74a92217cb17cb40c"
  version = "v1.0.1"

[[projects]]
  digest = "1:fd9bea48bbc5bba66d9891c72af7255fbebecdff845c37c679406174ece5ca1b"
  name = "github.com/kelseyhightower/envconfig"
  packages = ["."]
  pruneopts = "UT"
  revision = "0b417c4ec4a8a82eecc22a1459a504aa55163d61"
  version = "v1.4.0"

[[projects]]
  branch = "master"
  digest = "1:fe1d25886d9f60727c9ed17302d24f02794e3d0f5a5e6095821e49b15efe620b"
  name = "github.com/kennykarnama/tview"
  packages = ["."]
  pruneopts = "UT"
  revision = "f4423d5da90e418365b7a356990989e4b5ff6b3d"

[[projects]]
  digest = "1:39de67207027b7374272d5ec9b1bf85457714150ba1263e8d236316629dad570"
  name = "github.com/lucasb-eyer/go-colorful"
  packages = ["."]
  pruneopts = "UT"
  revision = "30298f24079860c4dee452fdef6519b362a4a026"
  version = "v1.0.2"

[[projects]]
  digest = "1:0356f3312c9bd1cbeda81505b7fd437501d8e778ab66998ef69f00d7f9b3a0d7"
  name = "github.com/mattn/go-runewidth"
  packages = ["."]
  pruneopts = "UT"
  revision = "3ee7d812e62a0804a7d0a324e0249ca2db3476d3"
  version = "v0.0.4"

[[projects]]
  branch = "master"
  digest = "1:0f3d53c091b2688c1b1ba08ce4ae8076d63bc05fc1f6b3c0eb2df1f2e801fcdf"
  name = "github.com/rivo/uniseg"
  packages = ["."]
  pruneopts = "UT"
  revision = "b9f5b9457d44da7006ab06c7e3915583b6bcb0ab"

[[projects]]
  branch = "master"
  digest = "1:e82bbb54db76fa7d5caf2271ddd2447e196eecd5b694ff6eeb7f3ed05a113ab4"
  name = "golang.org/x/sys"
  packages = [
    "unix",
    "windows",
    "windows/registry",
    "windows/svc/eventlog",
  ]
  pruneopts = "UT"
  revision = "04f50cda93cbb67f2afa353c52f342100e80e625"

[[projects]]
  digest = "1:cc38c2209a6c1f94debdfd96934865a258eac2f905a8d3f8fd56e7d0cfb85edd"
  name = "golang.org/x/text"
  packages = [
    "encoding",
    "encoding/internal/identifier",
    "internal/gen",
    "transform",
    "unicode/cldr",
  ]
  pruneopts = "UT"
  revision = "342b2e1fbaa52c93f31447ad2c6abc048c63e475"
  version = "v0.3.2"

[solve-meta]
  analyzer-name = "dep"
  analyzer-version = 1
  input-imports = [
    "github.com/google/logger",
    "github.com/kelseyhightower/envconfig",
    "github.com/kennykarnama/tview",
  ]
  solver-name = "gps-cdcl"
  solver-version = 1
